
Microsoft Visual Studio Solution File, Format Version 12.00
# Visual Studio 15
VisualStudioVersion = 15.0.27703.2018
MinimumVisualStudioVersion = 10.0.40219.1
Project("{FAE04EC0-301F-11D3-BF4B-00C04F79EFBC}") = "PracticeAPI.Web", "PracticeAPI.Web\PracticeAPI.Web.csproj", "{7F4872B6-407B-4252-A86E-BFF0D2CA16C7}"
EndProject
Project("{FAE04EC0-301F-11D3-BF4B-00C04F79EFBC}") = "PracticeAPI.Web.Tests", "PracticeAPI.Web.Tests\PracticeAPI.Web.Tests.csproj", "{CE266A58-96AF-439A-9DAF-E8C12DB6E098}"
EndProject
Project("{FAE04EC0-301F-11D3-BF4B-00C04F79EFBC}") = "PracticeAPI.Api", "PracticeAPI.Api\PracticeAPI.Api.csproj", "{A33EF738-D02F-45BF-90A1-50BEF96312D2}"
EndProject
Project("{FAE04EC0-301F-11D3-BF4B-00C04F79EFBC}") = "PracticeAPI.Api.Tests", "PracticeAPI.Api.Tests\PracticeAPI.Api.Tests.csproj", "{5DACB3B8-86F3-4DA4-9B0E-428C67FE4AD3}"
EndProject
Global
	GlobalSection(SolutionConfigurationPlatforms) = preSolution
		Debug|Any CPU = Debug|Any CPU
		Release|Any CPU = Release|Any CPU
	EndGlobalSection
	GlobalSection(ProjectConfigurationPlatforms) = postSolution
		{7F4872B6-407B-4252-A86E-BFF0D2CA16C7}.Debug|Any CPU.ActiveCfg = Debug|Any CPU
		{7F4872B6-407B-4252-A86E-BFF0D2CA16C7}.Debug|Any CPU.Build.0 = Debug|Any CPU
		{7F4872B6-407B-4252-A86E-BFF0D2CA16C7}.Release|Any CPU.ActiveCfg = Release|Any CPU
		{7F4872B6-407B-4252-A86E-BFF0D2CA16C7}.Release|Any CPU.Build.0 = Release|Any CPU
		{CE266A58-96AF-439A-9DAF-E8C12DB6E098}.Debug|Any CPU.ActiveCfg = Debug|Any CPU
		{CE266A58-96AF-439A-9DAF-E8C12DB6E098}.Debug|Any CPU.Build.0 = Debug|Any CPU
		{CE266A58-96AF-439A-9DAF-E8C12DB6E098}.Release|Any CPU.ActiveCfg = Release|Any CPU
		{CE266A58-96AF-439A-9DAF-E8C12DB6E098}.Release|Any CPU.Build.0 = Release|Any CPU
		{A33EF738-D02F-45BF-90A1-50BEF96312D2}.Debug|Any CPU.ActiveCfg = Debug|Any CPU
		{A33EF738-D02F-45BF-90A1-50BEF96312D2}.Debug|Any CPU.Build.0 = Debug|Any CPU
		{A33EF738-D02F-45BF-90A1-50BEF96312D2}.Release|Any CPU.ActiveCfg = Release|Any CPU
		{A33EF738-D02F-45BF-90A1-50BEF96312D2}.Release|Any CPU.Build.0 = Release|Any CPU
		{5DACB3B8-86F3-4DA4-9B0E-428C67FE4AD3}.Debug|Any CPU.ActiveCfg = Debug|Any CPU
		{5DACB3B8-86F3-4DA4-9B0E-428C67FE4AD3}.Debug|Any CPU.Build.0 = Debug|Any CPU
		{5DACB3B8-86F3-4DA4-9B0E-428C67FE4AD3}.Release|Any CPU.ActiveCfg = Release|Any CPU
		{5DACB3B8-86F3-4DA4-9B0E-428C67FE4AD3}.Release|Any CPU.Build.0 = Release|Any CPU
	EndGlobalSection
	GlobalSection(SolutionProperties) = preSolution
		HideSolutionNode = FALSE
	EndGlobalSection
	GlobalSection(ExtensibilityGlobals) = postSolution
		SolutionGuid = {10205C82-F1F6-45D3-B109-653C395AF3AD}
	EndGlobalSection
EndGlobal
